// !$*UTF8*$!
{
	archiveVersion = 1;
	classes = {
	};
	objectVersion = 77;
	objects = {

/* Begin PBXBuildFile section */
		6D3B75422E42E3F500281F11 /* SensorActivityAttributes.swift in Sources */ = {isa = PBXBuildFile; fileRef = 6D3B75412E42E3CF00281F11 /* SensorActivityAttributes.swift */; };
		6D3B75492E42E5CE00281F11 /* WidgetKit.framework in Frameworks */ = {isa = PBXBuildFile; fileRef = 6D2B8C6C2E404CAE0030820E /* WidgetKit.framework */; };
		6D3B754A2E42E5CE00281F11 /* SwiftUI.framework in Frameworks */ = {isa = PBXBuildFile; fileRef = 6D2B8C6E2E404CAE0030820E /* SwiftUI.framework */; };
		6D3B75572E42E5CF00281F11 /* SensorLiveActivitiesExtension.appex in Embed Foundation Extensions */ = {isa = PBXBuildFile; fileRef = 6D3B75482E42E5CE00281F11 /* SensorLiveActivitiesExtension.appex */; settings = {ATTRIBUTES = (RemoveHeadersOnCopy, ); }; };
		6D3B755C2E42E5DE00281F11 /* SensorActivityAttributes.swift in Sources */ = {isa = PBXBuildFile; fileRef = 6D3B75412E42E3CF00281F11 /* SensorActivityAttributes.swift */; };
/* End PBXBuildFile section */

/* Begin PBXContainerItemProxy section */
		6D3B75552E42E5CF00281F11 /* PBXContainerItemProxy */ = {
			isa = PBXContainerItemProxy;
			containerPortal = 6D9F1DE52E3EDCBF007468A1 /* Project object */;
			proxyType = 1;
			remoteGlobalIDString = 6D3B75472E42E5CE00281F11;
			remoteInfo = SensorLiveActivitiesExtension;
		};
		6D9F1DFD2E3EDCC1007468A1 /* PBXContainerItemProxy */ = {
			isa = PBXContainerItemProxy;
			containerPortal = 6D9F1DE52E3EDCBF007468A1 /* Project object */;
			proxyType = 1;
			remoteGlobalIDString = 6D9F1DEC2E3EDCBF007468A1;
			remoteInfo = "CO2 Sensor";
		};
		6D9F1E072E3EDCC1007468A1 /* PBXContainerItemProxy */ = {
			isa = PBXContainerItemProxy;
			containerPortal = 6D9F1DE52E3EDCBF007468A1 /* Project object */;
			proxyType = 1;
			remoteGlobalIDString = 6D9F1DEC2E3EDCBF007468A1;
			remoteInfo = "CO2 Sensor";
		};
/* End PBXContainerItemProxy section */

/* Begin PBXCopyFilesBuildPhase section */
		6D2B8C852E404CAF0030820E /* Embed Foundation Extensions */ = {
			isa = PBXCopyFilesBuildPhase;
			buildActionMask = 2147483647;
			dstPath = "";
			dstSubfolderSpec = 13;
			files = (
				6D3B75572E42E5CF00281F11 /* SensorLiveActivitiesExtension.appex in Embed Foundation Extensions */,
			);
			name = "Embed Foundation Extensions";
			runOnlyForDeploymentPostprocessing = 0;
		};
/* End PBXCopyFilesBuildPhase section */

/* Begin PBXFileReference section */
		6D2B8C6C2E404CAE0030820E /* WidgetKit.framework */ = {isa = PBXFileReference; lastKnownFileType = wrapper.framework; name = WidgetKit.framework; path = System/Library/Frameworks/WidgetKit.framework; sourceTree = SDKROOT; };
		6D2B8C6E2E404CAE0030820E /* SwiftUI.framework */ = {isa = PBXFileReference; lastKnownFileType = wrapper.framework; name = SwiftUI.framework; path = System/Library/Frameworks/SwiftUI.framework; sourceTree = SDKROOT; };
		6D3B75412E42E3CF00281F11 /* SensorActivityAttributes.swift */ = {isa = PBXFileReference; lastKnownFileType = sourcecode.swift; path = SensorActivityAttributes.swift; sourceTree = "<group>"; };
		6D3B75482E42E5CE00281F11 /* SensorLiveActivitiesExtension.appex */ = {isa = PBXFileReference; explicitFileType = "wrapper.app-extension"; includeInIndex = 0; path = SensorLiveActivitiesExtension.appex; sourceTree = BUILT_PRODUCTS_DIR; };
		6D9F1DED2E3EDCBF007468A1 /* CO2 Sensor.app */ = {isa = PBXFileReference; explicitFileType = wrapper.application; includeInIndex = 0; path = "CO2 Sensor.app"; sourceTree = BUILT_PRODUCTS_DIR; };
		6D9F1DFC2E3EDCC1007468A1 /* CO2 SensorTests.xctest */ = {isa = PBXFileReference; explicitFileType = wrapper.cfbundle; includeInIndex = 0; path = "CO2 SensorTests.xctest"; sourceTree = BUILT_PRODUCTS_DIR; };
		6D9F1E062E3EDCC1007468A1 /* CO2 SensorUITests.xctest */ = {isa = PBXFileReference; explicitFileType = wrapper.cfbundle; includeInIndex = 0; path = "CO2 SensorUITests.xctest"; sourceTree = BUILT_PRODUCTS_DIR; };
/* End PBXFileReference section */

/* Begin PBXFileSystemSynchronizedBuildFileExceptionSet section */
		6D3B75582E42E5CF00281F11 /* Exceptions for "SensorLiveActivities" folder in "SensorLiveActivitiesExtension" target */ = {
			isa = PBXFileSystemSynchronizedBuildFileExceptionSet;
			membershipExceptions = (
				Info.plist,
			);
			target = 6D3B75472E42E5CE00281F11 /* SensorLiveActivitiesExtension */;
		};
/* End PBXFileSystemSynchronizedBuildFileExceptionSet section */

/* Begin PBXFileSystemSynchronizedRootGroup section */
		6D3B754B2E42E5CE00281F11 /* SensorLiveActivities */ = {
			isa = PBXFileSystemSynchronizedRootGroup;
			exceptions = (
				6D3B75582E42E5CF00281F11 /* Exceptions for "SensorLiveActivities" folder in "SensorLiveActivitiesExtension" target */,
			);
			path = SensorLiveActivities;
			sourceTree = "<group>";
		};
		6D9F1DEF2E3EDCBF007468A1 /* CO2 Sensor */ = {
			isa = PBXFileSystemSynchronizedRootGroup;
			path = "CO2 Sensor";
			sourceTree = "<group>";
		};
		6D9F1DFF2E3EDCC1007468A1 /* CO2 SensorTests */ = {
			isa = PBXFileSystemSynchronizedRootGroup;
			path = "CO2 SensorTests";
			sourceTree = "<group>";
		};
		6D9F1E092E3EDCC1007468A1 /* CO2 SensorUITests */ = {
			isa = PBXFileSystemSynchronizedRootGroup;
			path = "CO2 SensorUITests";
			sourceTree = "<group>";
		};
/* End PBXFileSystemSynchronizedRootGroup section */

/* Begin PBXFrameworksBuildPhase section */
		6D3B75452E42E5CE00281F11 /* Frameworks */ = {
			isa = PBXFrameworksBuildPhase;
			buildActionMask = 2147483647;
			files = (
				6D3B754A2E42E5CE00281F11 /* SwiftUI.framework in Frameworks */,
				6D3B75492E42E5CE00281F11 /* WidgetKit.framework in Frameworks */,
			);
			runOnlyForDeploymentPostprocessing = 0;
		};
		6D9F1DEA2E3EDCBF007468A1 /* Frameworks */ = {
			isa = PBXFrameworksBuildPhase;
			buildActionMask = 2147483647;
			files = (
			);
			runOnlyForDeploymentPostprocessing = 0;
		};
		6D9F1DF92E3EDCC1007468A1 /* Frameworks */ = {
			isa = PBXFrameworksBuildPhase;
			buildActionMask = 2147483647;
			files = (
			);
			runOnlyForDeploymentPostprocessing = 0;
		};
		6D9F1E032E3EDCC1007468A1 /* Frameworks */ = {
			isa = PBXFrameworksBuildPhase;
			buildActionMask = 2147483647;
			files = (
			);
			runOnlyForDeploymentPostprocessing = 0;
		};
/* End PBXFrameworksBuildPhase section */

/* Begin PBXGroup section */
		6D2B8C6B2E404CAE0030820E /* Frameworks */ = {
			isa = PBXGroup;
			children = (
				6D2B8C6C2E404CAE0030820E /* WidgetKit.framework */,
				6D2B8C6E2E404CAE0030820E /* SwiftUI.framework */,
			);
			name = Frameworks;
			sourceTree = "<group>";
		};
		6D3B75402E42E3C400281F11 /* Shared */ = {
			isa = PBXGroup;
			children = (
				6D3B75412E42E3CF00281F11 /* SensorActivityAttributes.swift */,
			);
			path = Shared;
			sourceTree = "<group>";
		};
		6D9F1DE42E3EDCBF007468A1 = {
			isa = PBXGroup;
			children = (
				6D3B75402E42E3C400281F11 /* Shared */,
				6D9F1DEF2E3EDCBF007468A1 /* CO2 Sensor */,
				6D9F1DFF2E3EDCC1007468A1 /* CO2 SensorTests */,
				6D9F1E092E3EDCC1007468A1 /* CO2 SensorUITests */,
				6D3B754B2E42E5CE00281F11 /* SensorLiveActivities */,
				6D2B8C6B2E404CAE0030820E /* Frameworks */,
				6D9F1DEE2E3EDCBF007468A1 /* Products */,
			);
			sourceTree = "<group>";
		};
		6D9F1DEE2E3EDCBF007468A1 /* Products */ = {
			isa = PBXGroup;
			children = (
				6D9F1DED2E3EDCBF007468A1 /* CO2 Sensor.app */,
				6D9F1DFC2E3EDCC1007468A1 /* CO2 SensorTests.xctest */,
				6D9F1E062E3EDCC1007468A1 /* CO2 SensorUITests.xctest */,
				6D3B75482E42E5CE00281F11 /* SensorLiveActivitiesExtension.appex */,
			);
			name = Products;
			sourceTree = "<group>";
		};
/* End PBXGroup section */

/* Begin PBXNativeTarget section */
		6D3B75472E42E5CE00281F11 /* SensorLiveActivitiesExtension */ = {
			isa = PBXNativeTarget;
			buildConfigurationList = 6D3B75592E42E5CF00281F11 /* Build configuration list for PBXNativeTarget "SensorLiveActivitiesExtension" */;
			buildPhases = (
				6D3B75442E42E5CE00281F11 /* Sources */,
				6D3B75452E42E5CE00281F11 /* Frameworks */,
				6D3B75462E42E5CE00281F11 /* Resources */,
			);
			buildRules = (
			);
			dependencies = (
			);
			fileSystemSynchronizedGroups = (
				6D3B754B2E42E5CE00281F11 /* SensorLiveActivities */,
			);
			name = SensorLiveActivitiesExtension;
			packageProductDependencies = (
			);
			productName = SensorLiveActivitiesExtension;
			productReference = 6D3B75482E42E5CE00281F11 /* SensorLiveActivitiesExtension.appex */;
			productType = "com.apple.product-type.app-extension";
		};
		6D9F1DEC2E3EDCBF007468A1 /* CO2 Sensor */ = {
			isa = PBXNativeTarget;
			buildConfigurationList = 6D9F1E102E3EDCC1007468A1 /* Build configuration list for PBXNativeTarget "CO2 Sensor" */;
			buildPhases = (
				6D9F1DE92E3EDCBF007468A1 /* Sources */,
				6D9F1DEA2E3EDCBF007468A1 /* Frameworks */,
				6D9F1DEB2E3EDCBF007468A1 /* Resources */,
				6D2B8C852E404CAF0030820E /* Embed Foundation Extensions */,
			);
			buildRules = (
			);
			dependencies = (
				6D3B75562E42E5CF00281F11 /* PBXTargetDependency */,
			);
			fileSystemSynchronizedGroups = (
				6D9F1DEF2E3EDCBF007468A1 /* CO2 Sensor */,
			);
			name = "CO2 Sensor";
			packageProductDependencies = (
			);
			productName = "CO2 Sensor";
			productReference = 6D9F1DED2E3EDCBF007468A1 /* CO2 Sensor.app */;
			productType = "com.apple.product-type.application";
		};
		6D9F1DFB2E3EDCC1007468A1 /* CO2 SensorTests */ = {
			isa = PBXNativeTarget;
			buildConfigurationList = 6D9F1E132E3EDCC1007468A1 /* Build configuration list for PBXNativeTarget "CO2 SensorTests" */;
			buildPhases = (
				6D9F1DF82E3EDCC1007468A1 /* Sources */,
				6D9F1DF92E3EDCC1007468A1 /* Frameworks */,
				6D9F1DFA2E3EDCC1007468A1 /* Resources */,
			);
			buildRules = (
			);
			dependencies = (
				6D9F1DFE2E3EDCC1007468A1 /* PBXTargetDependency */,
			);
			fileSystemSynchronizedGroups = (
				6D9F1DFF2E3EDCC1007468A1 /* CO2 SensorTests */,
			);
			name = "CO2 SensorTests";
			packageProductDependencies = (
			);
			productName = "CO2 SensorTests";
			productReference = 6D9F1DFC2E3EDCC1007468A1 /* CO2 SensorTests.xctest */;
			productType = "com.apple.product-type.bundle.unit-test";
		};
		6D9F1E052E3EDCC1007468A1 /* CO2 SensorUITests */ = {
			isa = PBXNativeTarget;
			buildConfigurationList = 6D9F1E162E3EDCC1007468A1 /* Build configuration list for PBXNativeTarget "CO2 SensorUITests" */;
			buildPhases = (
				6D9F1E022E3EDCC1007468A1 /* Sources */,
				6D9F1E032E3EDCC1007468A1 /* Frameworks */,
				6D9F1E042E3EDCC1007468A1 /* Resources */,
			);
			buildRules = (
			);
			dependencies = (
				6D9F1E082E3EDCC1007468A1 /* PBXTargetDependency */,
			);
			fileSystemSynchronizedGroups = (
				6D9F1E092E3EDCC1007468A1 /* CO2 SensorUITests */,
			);
			name = "CO2 SensorUITests";
			packageProductDependencies = (
			);
			productName = "CO2 SensorUITests";
			productReference = 6D9F1E062E3EDCC1007468A1 /* CO2 SensorUITests.xctest */;
			productType = "com.apple.product-type.bundle.ui-testing";
		};
/* End PBXNativeTarget section */

/* Begin PBXProject section */
		6D9F1DE52E3EDCBF007468A1 /* Project object */ = {
			isa = PBXProject;
			attributes = {
				BuildIndependentTargetsInParallel = 1;
				LastSwiftUpdateCheck = 1640;
				LastUpgradeCheck = 1640;
				TargetAttributes = {
					6D3B75472E42E5CE00281F11 = {
						CreatedOnToolsVersion = 16.4;
					};
					6D9F1DEC2E3EDCBF007468A1 = {
						CreatedOnToolsVersion = 16.4;
					};
					6D9F1DFB2E3EDCC1007468A1 = {
						CreatedOnToolsVersion = 16.4;
						TestTargetID = 6D9F1DEC2E3EDCBF007468A1;
					};
					6D9F1E052E3EDCC1007468A1 = {
						CreatedOnToolsVersion = 16.4;
						TestTargetID = 6D9F1DEC2E3EDCBF007468A1;
					};
				};
			};
			buildConfigurationList = 6D9F1DE82E3EDCBF007468A1 /* Build configuration list for PBXProject "CO2 Sensor" */;
			developmentRegion = en;
			hasScannedForEncodings = 0;
			knownRegions = (
				en,
				Base,
			);
			mainGroup = 6D9F1DE42E3EDCBF007468A1;
			minimizedProjectReferenceProxies = 1;
			preferredProjectObjectVersion = 77;
			productRefGroup = 6D9F1DEE2E3EDCBF007468A1 /* Products */;
			projectDirPath = "";
			projectRoot = "";
			targets = (
				6D9F1DEC2E3EDCBF007468A1 /* CO2 Sensor */,
				6D9F1DFB2E3EDCC1007468A1 /* CO2 SensorTests */,
				6D9F1E052E3EDCC1007468A1 /* CO2 SensorUITests */,
				6D3B75472E42E5CE00281F11 /* SensorLiveActivitiesExtension */,
			);
		};
/* End PBXProject section */

/* Begin PBXResourcesBuildPhase section */
		6D3B75462E42E5CE00281F11 /* Resources */ = {
			isa = PBXResourcesBuildPhase;
			buildActionMask = 2147483647;
			files = (
			);
			runOnlyForDeploymentPostprocessing = 0;
		};
		6D9F1DEB2E3EDCBF007468A1 /* Resources */ = {
			isa = PBXResourcesBuildPhase;
			buildActionMask = 2147483647;
			files = (
			);
			runOnlyForDeploymentPostprocessing = 0;
		};
		6D9F1DFA2E3EDCC1007468A1 /* Resources */ = {
			isa = PBXResourcesBuildPhase;
			buildActionMask = 2147483647;
			files = (
			);
			runOnlyForDeploymentPostprocessing = 0;
		};
		6D9F1E042E3EDCC1007468A1 /* Resources */ = {
			isa = PBXResourcesBuildPhase;
			buildActionMask = 2147483647;
			files = (
			);
			runOnlyForDeploymentPostprocessing = 0;
		};
/* End PBXResourcesBuildPhase section */

/* Begin PBXSourcesBuildPhase section */
		6D3B75442E42E5CE00281F11 /* Sources */ = {
			isa = PBXSourcesBuildPhase;
			buildActionMask = 2147483647;
			files = (
				6D3B755C2E42E5DE00281F11 /* SensorActivityAttributes.swift in Sources */,
			);
			runOnlyForDeploymentPostprocessing = 0;
		};
		6D9F1DE92E3EDCBF007468A1 /* Sources */ = {
			isa = PBXSourcesBuildPhase;
			buildActionMask = 2147483647;
			files = (
				6D3B75422E42E3F500281F11 /* SensorActivityAttributes.swift in Sources */,
			);
			runOnlyForDeploymentPostprocessing = 0;
		};
		6D9F1DF82E3EDCC1007468A1 /* Sources */ = {
			isa = PBXSourcesBuildPhase;
			buildActionMask = 2147483647;
			files = (
			);
			runOnlyForDeploymentPostprocessing = 0;
		};
		6D9F1E022E3EDCC1007468A1 /* Sources */ = {
			isa = PBXSourcesBuildPhase;
			buildActionMask = 2147483647;
			files = (
			);
			runOnlyForDeploymentPostprocessing = 0;
		};
/* End PBXSourcesBuildPhase section */

/* Begin PBXTargetDependency section */
		6D3B75562E42E5CF00281F11 /* PBXTargetDependency */ = {
			isa = PBXTargetDependency;
			target = 6D3B75472E42E5CE00281F11 /* SensorLiveActivitiesExtension */;
			targetProxy = 6D3B75552E42E5CF00281F11 /* PBXContainerItemProxy */;
		};
		6D9F1DFE2E3EDCC1007468A1 /* PBXTargetDependency */ = {
			isa = PBXTargetDependency;
			target = 6D9F1DEC2E3EDCBF007468A1 /* CO2 Sensor */;
			targetProxy = 6D9F1DFD2E3EDCC1007468A1 /* PBXContainerItemProxy */;
		};
		6D9F1E082E3EDCC1007468A1 /* PBXTargetDependency */ = {
			isa = PBXTargetDependency;
			target = 6D9F1DEC2E3EDCBF007468A1 /* CO2 Sensor */;
			targetProxy = 6D9F1E072E3EDCC1007468A1 /* PBXContainerItemProxy */;
		};
/* End PBXTargetDependency section */

/* Begin XCBuildConfiguration section */
		6D3B755A2E42E5CF00281F11 /* Debug */ = {
			isa = XCBuildConfiguration;
			buildSettings = {
				ASSETCATALOG_COMPILER_GLOBAL_ACCENT_COLOR_NAME = AccentColor;
				ASSETCATALOG_COMPILER_WIDGET_BACKGROUND_COLOR_NAME = WidgetBackground;
				CODE_SIGN_STYLE = Automatic;
				CURRENT_PROJECT_VERSION = 1;
				DEVELOPMENT_TEAM = S7H39LL58W;
				GENERATE_INFOPLIST_FILE = YES;
				INFOPLIST_FILE = SensorLiveActivities/Info.plist;
				INFOPLIST_KEY_CFBundleDisplayName = SensorLiveActivities;
				INFOPLIST_KEY_NSHumanReadableCopyright = "";
				LD_RUNPATH_SEARCH_PATHS = (
					"$(inherited)",
					"@executable_path/Frameworks",
					"@executable_path/../../Frameworks",
				);
				MARKETING_VERSION = 1.0;
				PRODUCT_BUNDLE_IDENTIFIER = com.007arenko.co2sensor.SensorLiveActivities;
				PRODUCT_NAME = "$(TARGET_NAME)";
				SKIP_INSTALL = YES;
				SWIFT_EMIT_LOC_STRINGS = YES;
				SWIFT_VERSION = 5.0;
				TARGETED_DEVICE_FAMILY = "1,2";
			};
			name = Debug;
		};
		6D3B755B2E42E5CF00281F11 /* Release */ = {
			isa = XCBuildConfiguration;
			buildSettings = {
				ASSETCATALOG_COMPILER_GLOBAL_ACCENT_COLOR_NAME = AccentColor;
				ASSETCATALOG_COMPILER_WIDGET_BACKGROUND_COLOR_NAME = WidgetBackground;
				CODE_SIGN_STYLE = Automatic;
				CURRENT_PROJECT_VERSION = 1;
				DEVELOPMENT_TEAM = S7H39LL58W;
				GENERATE_INFOPLIST_FILE = YES;
				INFOPLIST_FILE = SensorLiveActivities/Info.plist;
				INFOPLIST_KEY_CFBundleDisplayName = SensorLiveActivities;
				INFOPLIST_KEY_NSHumanReadableCopyright = "";
				LD_RUNPATH_SEARCH_PATHS = (
					"$(inherited)",
					"@executable_path/Frameworks",
					"@executable_path/../../Frameworks",
				);
				MARKETING_VERSION = 1.0;
				PRODUCT_BUNDLE_IDENTIFIER = com.007arenko.co2sensor.SensorLiveActivities;
				PRODUCT_NAME = "$(TARGET_NAME)";
				SKIP_INSTALL = YES;
				SWIFT_EMIT_LOC_STRINGS = YES;
				SWIFT_VERSION = 5.0;
				TARGETED_DEVICE_FAMILY = "1,2";
			};
			name = Release;
		};
		6D9F1E0E2E3EDCC1007468A1 /* Debug */ = {
			isa = XCBuildConfiguration;
			buildSettings = {
				ALWAYS_SEARCH_USER_PATHS = NO;
				ASSETCATALOG_COMPILER_GENERATE_SWIFT_ASSET_SYMBOL_EXTENSIONS = YES;
				CLANG_ANALYZER_NONNULL = YES;
				CLANG_ANALYZER_NUMBER_OBJECT_CONVERSION = YES_AGGRESSIVE;
				CLANG_CXX_LANGUAGE_STANDARD = "gnu++20";
				CLANG_ENABLE_MODULES = YES;
				CLANG_ENABLE_OBJC_ARC = YES;
				CLANG_ENABLE_OBJC_WEAK = YES;
				CLANG_WARN_BLOCK_CAPTURE_AUTORELEASING = YES;
				CLANG_WARN_BOOL_CONVERSION = YES;
				CLANG_WARN_COMMA = YES;
				CLANG_WARN_CONSTANT_CONVERSION = YES;
				CLANG_WARN_DEPRECATED_OBJC_IMPLEMENTATIONS = YES;
				CLANG_WARN_DIRECT_OBJC_ISA_USAGE = YES_ERROR;
				CLANG_WARN_DOCUMENTATION_COMMENTS = YES;
				CLANG_WARN_EMPTY_BODY = YES;
				CLANG_WARN_ENUM_CONVERSION = YES;
				CLANG_WARN_INFINITE_RECURSION = YES;
				CLANG_WARN_INT_CONVERSION = YES;
				CLANG_WARN_NON_LITERAL_NULL_CONVERSION = YES;
				CLANG_WARN_OBJC_IMPLICIT_RETAIN_SELF = YES;
				CLANG_WARN_OBJC_LITERAL_CONVERSION = YES;
				CLANG_WARN_OBJC_ROOT_CLASS = YES_ERROR;
				CLANG_WARN_QUOTED_INCLUDE_IN_FRAMEWORK_HEADER = YES;
				CLANG_WARN_RANGE_LOOP_ANALYSIS = YES;
				CLANG_WARN_STRICT_PROTOTYPES = YES;
				CLANG_WARN_SUSPICIOUS_MOVE = YES;
				CLANG_WARN_UNGUARDED_AVAILABILITY = YES_AGGRESSIVE;
				CLANG_WARN_UNREACHABLE_CODE = YES;
				CLANG_WARN__DUPLICATE_METHOD_MATCH = YES;
				COPY_PHASE_STRIP = NO;
				DEBUG_INFORMATION_FORMAT = dwarf;
				DEVELOPMENT_TEAM = S7H39LL58W;
				ENABLE_STRICT_OBJC_MSGSEND = YES;
				ENABLE_TESTABILITY = YES;
				ENABLE_USER_SCRIPT_SANDBOXING = YES;
				GCC_C_LANGUAGE_STANDARD = gnu17;
				GCC_DYNAMIC_NO_PIC = NO;
				GCC_NO_COMMON_BLOCKS = YES;
				GCC_OPTIMIZATION_LEVEL = 0;
				GCC_PREPROCESSOR_DEFINITIONS = (
					"DEBUG=1",
					"$(inherited)",
				);
				GCC_WARN_64_TO_32_BIT_CONVERSION = YES;
				GCC_WARN_ABOUT_RETURN_TYPE = YES_ERROR;
				GCC_WARN_UNDECLARED_SELECTOR = YES;
				GCC_WARN_UNINITIALIZED_AUTOS = YES_AGGRESSIVE;
				GCC_WARN_UNUSED_FUNCTION = YES;
				GCC_WARN_UNUSED_VARIABLE = YES;
				IPHONEOS_DEPLOYMENT_TARGET = 18.5;
				LOCALIZATION_PREFERS_STRING_CATALOGS = YES;
				MTL_ENABLE_DEBUG_INFO = INCLUDE_SOURCE;
				MTL_FAST_MATH = YES;
				ONLY_ACTIVE_ARCH = YES;
				SDKROOT = iphoneos;
				SWIFT_ACTIVE_COMPILATION_CONDITIONS = "DEBUG $(inherited)";
				SWIFT_OPTIMIZATION_LEVEL = "-Onone";
			};
			name = Debug;
		};
		6D9F1E0F2E3EDCC1007468A1 /* Release */ = {
			isa = XCBuildConfiguration;
			buildSettings = {
				ALWAYS_SEARCH_USER_PATHS = NO;
				ASSETCATALOG_COMPILER_GENERATE_SWIFT_ASSET_SYMBOL_EXTENSIONS = YES;
				CLANG_ANALYZER_NONNULL = YES;
				CLANG_ANALYZER_NUMBER_OBJECT_CONVERSION = YES_AGGRESSIVE;
				CLANG_CXX_LANGUAGE_STANDARD = "gnu++20";
				CLANG_ENABLE_MODULES = YES;
				CLANG_ENABLE_OBJC_ARC = YES;
				CLANG_ENABLE_OBJC_WEAK = YES;
				CLANG_WARN_BLOCK_CAPTURE_AUTORELEASING = YES;
				CLANG_WARN_BOOL_CONVERSION = YES;
				CLANG_WARN_COMMA = YES;
				CLANG_WARN_CONSTANT_CONVERSION = YES;
				CLANG_WARN_DEPRECATED_OBJC_IMPLEMENTATIONS = YES;
				CLANG_WARN_DIRECT_OBJC_ISA_USAGE = YES_ERROR;
				CLANG_WARN_DOCUMENTATION_COMMENTS = YES;
				CLANG_WARN_EMPTY_BODY = YES;
				CLANG_WARN_ENUM_CONVERSION = YES;
				CLANG_WARN_INFINITE_RECURSION = YES;
				CLANG_WARN_INT_CONVERSION = YES;
				CLANG_WARN_NON_LITERAL_NULL_CONVERSION = YES;
				CLANG_WARN_OBJC_IMPLICIT_RETAIN_SELF = YES;
				CLANG_WARN_OBJC_LITERAL_CONVERSION = YES;
				CLANG_WARN_OBJC_ROOT_CLASS = YES_ERROR;
				CLANG_WARN_QUOTED_INCLUDE_IN_FRAMEWORK_HEADER = YES;
				CLANG_WARN_RANGE_LOOP_ANALYSIS = YES;
				CLANG_WARN_STRICT_PROTOTYPES = YES;
				CLANG_WARN_SUSPICIOUS_MOVE = YES;
				CLANG_WARN_UNGUARDED_AVAILABILITY = YES_AGGRESSIVE;
				CLANG_WARN_UNREACHABLE_CODE = YES;
				CLANG_WARN__DUPLICATE_METHOD_MATCH = YES;
				COPY_PHASE_STRIP = NO;
				DEBUG_INFORMATION_FORMAT = "dwarf-with-dsym";
				DEVELOPMENT_TEAM = S7H39LL58W;
				ENABLE_NS_ASSERTIONS = NO;
				ENABLE_STRICT_OBJC_MSGSEND = YES;
				ENABLE_USER_SCRIPT_SANDBOXING = YES;
				GCC_C_LANGUAGE_STANDARD = gnu17;
				GCC_NO_COMMON_BLOCKS = YES;
				GCC_WARN_64_TO_32_BIT_CONVERSION = YES;
				GCC_WARN_ABOUT_RETURN_TYPE = YES_ERROR;
				GCC_WARN_UNDECLARED_SELECTOR = YES;
				GCC_WARN_UNINITIALIZED_AUTOS = YES_AGGRESSIVE;
				GCC_WARN_UNUSED_FUNCTION = YES;
				GCC_WARN_UNUSED_VARIABLE = YES;
				IPHONEOS_DEPLOYMENT_TARGET = 18.5;
				LOCALIZATION_PREFERS_STRING_CATALOGS = YES;
				MTL_ENABLE_DEBUG_INFO = NO;
				MTL_FAST_MATH = YES;
				SDKROOT = iphoneos;
				SWIFT_COMPILATION_MODE = wholemodule;
				VALIDATE_PRODUCT = YES;
			};
			name = Release;
		};
		6D9F1E112E3EDCC1007468A1 /* Debug */ = {
			isa = XCBuildConfiguration;
			buildSettings = {
				ASSETCATALOG_COMPILER_APPICON_NAME = AppIcon;
				ASSETCATALOG_COMPILER_GLOBAL_ACCENT_COLOR_NAME = AccentColor;
				CODE_SIGN_STYLE = Automatic;
				CURRENT_PROJECT_VERSION = 1;
				DEVELOPMENT_TEAM = S7H39LL58W;
				ENABLE_PREVIEWS = YES;
				GENERATE_INFOPLIST_FILE = YES;
				INFOPLIST_KEY_LSApplicationCategoryType = "public.app-category.lifestyle";
				INFOPLIST_KEY_NSBluetoothAlwaysUsageDescription = "To connect with CO2 sensore device";
				INFOPLIST_KEY_NSBluetoothPeripheralUsageDescription = "To connect with CO2 sensore device";
				INFOPLIST_KEY_NSSupportsLiveActivities = YES;
				INFOPLIST_KEY_UIApplicationSceneManifest_Generation = YES;
				INFOPLIST_KEY_UIApplicationSupportsIndirectInputEvents = YES;
				INFOPLIST_KEY_UILaunchScreen_Generation = YES;
				INFOPLIST_KEY_UISupportedInterfaceOrientations_iPad = "UIInterfaceOrientationPortrait UIInterfaceOrientationPortraitUpsideDown UIInterfaceOrientationLandscapeLeft UIInterfaceOrientationLandscapeRight";
				INFOPLIST_KEY_UISupportedInterfaceOrientations_iPhone = "UIInterfaceOrientationPortrait UIInterfaceOrientationLandscapeLeft UIInterfaceOrientationLandscapeRight";
				LD_RUNPATH_SEARCH_PATHS = (
					"$(inherited)",
					"@executable_path/Frameworks",
				);
				MARKETING_VERSION = 1.0;
				PRODUCT_BUNDLE_IDENTIFIER = com.007arenko.co2sensor;
				PRODUCT_NAME = "$(TARGET_NAME)";
				SWIFT_EMIT_LOC_STRINGS = YES;
				SWIFT_VERSION = 5.0;
				TARGETED_DEVICE_FAMILY = "1,2";
			};
			name = Debug;
		};
		6D9F1E122E3EDCC1007468A1 /* Release */ = {
			isa = XCBuildConfiguration;
			buildSettings = {
				ASSETCATALOG_COMPILER_APPICON_NAME = AppIcon;
				ASSETCATALOG_COMPILER_GLOBAL_ACCENT_COLOR_NAME = AccentColor;
				CODE_SIGN_STYLE = Automatic;
				CURRENT_PROJECT_VERSION = 1;
				DEVELOPMENT_TEAM = S7H39LL58W;
				ENABLE_PREVIEWS = YES;
				GENERATE_INFOPLIST_FILE = YES;
				INFOPLIST_KEY_LSApplicationCategoryType = "public.app-category.lifestyle";
				INFOPLIST_KEY_NSBluetoothAlwaysUsageDescription = "To connect with CO2 sensore device";
				INFOPLIST_KEY_NSBluetoothPeripheralUsageDescription = "To connect with CO2 sensore device";
				INFOPLIST_KEY_NSSupportsLiveActivities = YES;
				INFOPLIST_KEY_UIApplicationSceneManifest_Generation = YES;
				INFOPLIST_KEY_UIApplicationSupportsIndirectInputEvents = YES;
				INFOPLIST_KEY_UILaunchScreen_Generation = YES;
				INFOPLIST_KEY_UISupportedInterfaceOrientations_iPad = "UIInterfaceOrientationPortrait UIInterfaceOrientationPortraitUpsideDown UIInterfaceOrientationLandscapeLeft UIInterfaceOrientationLandscapeRight";
				INFOPLIST_KEY_UISupportedInterfaceOrientations_iPhone = "UIInterfaceOrientationPortrait UIInterfaceOrientationLandscapeLeft UIInterfaceOrientationLandscapeRight";
				LD_RUNPATH_SEARCH_PATHS = (
					"$(inherited)",
					"@executable_path/Frameworks",
				);
				MARKETING_VERSION = 1.0;
				PRODUCT_BUNDLE_IDENTIFIER = com.007arenko.co2sensor;
				PRODUCT_NAME = "$(TARGET_NAME)";
				SWIFT_EMIT_LOC_STRINGS = YES;
				SWIFT_VERSION = 5.0;
				TARGETED_DEVICE_FAMILY = "1,2";
			};
			name = Release;
		};
		6D9F1E142E3EDCC1007468A1 /* Debug */ = {
			isa = XCBuildConfiguration;
			buildSettings = {
				BUNDLE_LOADER = "$(TEST_HOST)";
				CODE_SIGN_STYLE = Automatic;
				CURRENT_PROJECT_VERSION = 1;
				DEVELOPMENT_TEAM = S7H39LL58W;
				GENERATE_INFOPLIST_FILE = YES;
				IPHONEOS_DEPLOYMENT_TARGET = 18.5;
				MARKETING_VERSION = 1.0;
				PRODUCT_BUNDLE_IDENTIFIER = "com.007arenko.CO2-SensorTests";
				PRODUCT_NAME = "$(TARGET_NAME)";
				SWIFT_EMIT_LOC_STRINGS = NO;
				SWIFT_VERSION = 5.0;
				TARGETED_DEVICE_FAMILY = "1,2";
				TEST_HOST = "$(BUILT_PRODUCTS_DIR)/CO2 Sensor.app/$(BUNDLE_EXECUTABLE_FOLDER_PATH)/CO2 Sensor";
			};
			name = Debug;
		};
		6D9F1E152E3EDCC1007468A1 /* Release */ = {
			isa = XCBuildConfiguration;
			buildSettings = {
				BUNDLE_LOADER = "$(TEST_HOST)";
				CODE_SIGN_STYLE = Automatic;
				CURRENT_PROJECT_VERSION = 1;
				DEVELOPMENT_TEAM = S7H39LL58W;
				GENERATE_INFOPLIST_FILE = YES;
				IPHONEOS_DEPLOYMENT_TARGET = 18.5;
				MARKETING_VERSION = 1.0;
				PRODUCT_BUNDLE_IDENTIFIER = "com.007arenko.CO2-SensorTests";
				PRODUCT_NAME = "$(TARGET_NAME)";
				SWIFT_EMIT_LOC_STRINGS = NO;
				SWIFT_VERSION = 5.0;
				TARGETED_DEVICE_FAMILY = "1,2";
				TEST_HOST = "$(BUILT_PRODUCTS_DIR)/CO2 Sensor.app/$(BUNDLE_EXECUTABLE_FOLDER_PATH)/CO2 Sensor";
			};
			name = Release;
		};
		6D9F1E172E3EDCC1007468A1 /* Debug */ = {
			isa = XCBuildConfiguration;
			buildSettings = {
				CODE_SIGN_STYLE = Automatic;
				CURRENT_PROJECT_VERSION = 1;
				DEVELOPMENT_TEAM = S7H39LL58W;
				GENERATE_INFOPLIST_FILE = YES;
				MARKETING_VERSION = 1.0;
				PRODUCT_BUNDLE_IDENTIFIER = "com.007arenko.CO2-SensorUITests";
				PRODUCT_NAME = "$(TARGET_NAME)";
				SWIFT_EMIT_LOC_STRINGS = NO;
				SWIFT_VERSION = 5.0;
				TARGETED_DEVICE_FAMILY = "1,2";
				TEST_TARGET_NAME = "CO2 Sensor";
			};
			name = Debug;
		};
		6D9F1E182E3EDCC1007468A1 /* Release */ = {
			isa = XCBuildConfiguration;
			buildSettings = {
				CODE_SIGN_STYLE = Automatic;
				CURRENT_PROJECT_VERSION = 1;
				DEVELOPMENT_TEAM = S7H39LL58W;
				GENERATE_INFOPLIST_FILE = YES;
				MARKETING_VERSION = 1.0;
				PRODUCT_BUNDLE_IDENTIFIER = "com.007arenko.CO2-SensorUITests";
				PRODUCT_NAME = "$(TARGET_NAME)";
				SWIFT_EMIT_LOC_STRINGS = NO;
				SWIFT_VERSION = 5.0;
				TARGETED_DEVICE_FAMILY = "1,2";
				TEST_TARGET_NAME = "CO2 Sensor";
			};
			name = Release;
		};
/* End XCBuildConfiguration section */

/* Begin XCConfigurationList section */
		6D3B75592E42E5CF00281F11 /* Build configuration list for PBXNativeTarget "SensorLiveActivitiesExtension" */ = {
			isa = XCConfigurationList;
			buildConfigurations = (
				6D3B755A2E42E5CF00281F11 /* Debug */,
				6D3B755B2E42E5CF00281F11 /* Release */,
			);
			defaultConfigurationIsVisible = 0;
			defaultConfigurationName = Release;
		};
		6D9F1DE82E3EDCBF007468A1 /* Build configuration list for PBXProject "CO2 Sensor" */ = {
			isa = XCConfigurationList;
			buildConfigurations = (
				6D9F1E0E2E3EDCC1007468A1 /* Debug */,
				6D9F1E0F2E3EDCC1007468A1 /* Release */,
			);
			defaultConfigurationIsVisible = 0;
			defaultConfigurationName = Release;
		};
		6D9F1E102E3EDCC1007468A1 /* Build configuration list for PBXNativeTarget "CO2 Sensor" */ = {
			isa = XCConfigurationList;
			buildConfigurations = (
				6D9F1E112E3EDCC1007468A1 /* Debug */,
				6D9F1E122E3EDCC1007468A1 /* Release */,
			);
			defaultConfigurationIsVisible = 0;
			defaultConfigurationName = Release;
		};
		6D9F1E132E3EDCC1007468A1 /* Build configuration list for PBXNativeTarget "CO2 SensorTests" */ = {
			isa = XCConfigurationList;
			buildConfigurations = (
				6D9F1E142E3EDCC1007468A1 /* Debug */,
				6D9F1E152E3EDCC1007468A1 /* Release */,
			);
			defaultConfigurationIsVisible = 0;
			defaultConfigurationName = Release;
		};
		6D9F1E162E3EDCC1007468A1 /* Build configuration list for PBXNativeTarget "CO2 SensorUITests" */ = {
			isa = XCConfigurationList;
			buildConfigurations = (
				6D9F1E172E3EDCC1007468A1 /* Debug */,
				6D9F1E182E3EDCC1007468A1 /* Release */,
			);
			defaultConfigurationIsVisible = 0;
			defaultConfigurationName = Release;
		};
/* End XCConfigurationList section */
	};
	rootObject = 6D9F1DE52E3EDCBF007468A1 /* Project object */;
}
